dependencies:
  espressif/tinyusb:
    component_hash: 632ddbd9c73bee5005e7684eed3142649a08d1f304dbe42abed8110b7384e2c2
    source:
      service_url: https://api.components.espressif.com/
      type: service
    version: 0.15.0~3
  idf:
    component_hash: null
    source:
      type: idf
    version: 5.1.0
manifest_hash: b2a46234139b3a4be063f01b78f2d3b53d1f259da5ad7e2ec5c72133998d7e8f
target: esp32s3
version: 1.0.0
